
Microsoft Visual Studio Solution File, Format Version 12.00
# Visual Studio Version 16
VisualStudioVersion = 16.0.31624.102
MinimumVisualStudioVersion = 10.0.40219.1
Project("{FAE04EC0-301F-11D3-BF4B-00C04F79EFBC}") = "Assignment_3Q-1", "Assignment_3Q-1\Assignment_3Q-1.csproj", "{6010F88C-C87C-470F-B402-69E48C4FC49B}"
EndProject
Global
	GlobalSection(SolutionConfigurationPlatforms) = preSolution
		Debug|Any CPU = Debug|Any CPU
		Release|Any CPU = Release|Any CPU
	EndGlobalSection
	GlobalSection(ProjectConfigurationPlatforms) = postSolution
		{6010F88C-C87C-470F-B402-69E48C4FC49B}.Debug|Any CPU.ActiveCfg = Debug|Any CPU
		{6010F88C-C87C-470F-B402-69E48C4FC49B}.Debug|Any CPU.Build.0 = Debug|Any CPU
		{6010F88C-C87C-470F-B402-69E48C4FC49B}.Release|Any CPU.ActiveCfg = Release|Any CPU
		{6010F88C-C87C-470F-B402-69E48C4FC49B}.Release|Any CPU.Build.0 = Release|Any CPU
	EndGlobalSection
	GlobalSection(SolutionProperties) = preSolution
		HideSolutionNode = FALSE
	EndGlobalSection
	GlobalSection(ExtensibilityGlobals) = postSolution
		SolutionGuid = {EE64934B-AF65-41F1-8EAC-435AC0545B63}
	EndGlobalSection
EndGlobal
